
Microsoft Visual Studio Solution File, Format Version 12.00
# Visual Studio Version 17
VisualStudioVersion = 17.2.32602.215
MinimumVisualStudioVersion = 10.0.40219.1
Project("{FAE04EC0-301F-11D3-BF4B-00C04F79EFBC}") = "TubeApi1.0", "TubeApi1.0\TubeApi1.0.csproj", "{3B10348D-E3FF-4AB2-AD07-995EE5AA4D68}"
EndProject
Global
	GlobalSection(SolutionConfigurationPlatforms) = preSolution
		Debug|Any CPU = Debug|Any CPU
		Release|Any CPU = Release|Any CPU
	EndGlobalSection
	GlobalSection(ProjectConfigurationPlatforms) = postSolution
		{3B10348D-E3FF-4AB2-AD07-995EE5AA4D68}.Debug|Any CPU.ActiveCfg = Debug|Any CPU
		{3B10348D-E3FF-4AB2-AD07-995EE5AA4D68}.Debug|Any CPU.Build.0 = Debug|Any CPU
		{3B10348D-E3FF-4AB2-AD07-995EE5AA4D68}.Release|Any CPU.ActiveCfg = Release|Any CPU
		{3B10348D-E3FF-4AB2-AD07-995EE5AA4D68}.Release|Any CPU.Build.0 = Release|Any CPU
	EndGlobalSection
	GlobalSection(SolutionProperties) = preSolution
		HideSolutionNode = FALSE
	EndGlobalSection
	GlobalSection(ExtensibilityGlobals) = postSolution
		SolutionGuid = {DB7DBFB8-2F02-462A-B0B9-B600A0F33DF4}
	EndGlobalSection
EndGlobal
